{
  "version": "4",
  "specifiers": {
    "jsr:@panth977/functions@^1.0.24": "1.0.24",
    "jsr:@panth977/tools@1": "1.0.19",
    "jsr:@panth977/tools@^1.0.19": "1.0.19",
    "npm:zod@^3.25.0": "3.25.67",
    "npm:zod@^3.25.67": "3.25.67"
  },
  "jsr": {
    "@panth977/functions@1.0.24": {
      "integrity": "025f098108c8cbdd8c075735e1701ee13feb156b58299fa31a8bffbdbba99943",
      "dependencies": [
        "jsr:@panth977/tools@1",
        "npm:zod@^3.25.67"
      ]
    },
    "@panth977/tools@1.0.19": {
      "integrity": "4a833a9283ab58edf49d0d1667229432da204ca6f84ac5261dbefb9bfd4d54d1",
      "dependencies": [
        "npm:zod@^3.25.67"
      ]
    }
  },
  "npm": {
    "zod@3.25.67": {
      "integrity": "sha512-idA2YXwpCdqUSKRCACDE6ItZD9TZzy3OZMtpfLoh6oPR47lipysRrJfjzMqFxQ3uJuUPyUeWe1r9vLH33xO/Qw=="
    }
  },
  "workspace": {
    "dependencies": [
      "jsr:@panth977/functions@^1.0.24",
      "jsr:@panth977/tools@^1.0.19",
      "npm:zod@^3.25.67"
    ]
  }
}
