{
  "version": "4",
  "specifiers": {
    "jsr:@panth977/functions@~0.1.2": "0.1.2",
    "npm:zod@^3.23.8": "3.23.8"
  },
  "jsr": {
    "@panth977/functions@0.1.2": {
      "integrity": "4ee226f8a6ea5305509449fad0d510c7a8bcb19b0a65f081827711ec13c549b9"
    }
  },
  "npm": {
    "zod@3.23.8": {
      "integrity": "sha512-XBx9AXhXktjUqnepgTiE5flcKIYWi/rme0Eaj+5Y0lftuGBq+jyRu/md4WnuxqgP1ubdpNCsYEYPxrzVHD8d6g=="
    }
  },
  "workspace": {
    "dependencies": [
      "jsr:@panth977/functions@~0.1.2",
      "npm:zod@^3.23.8"
    ]
  }
}
